
Microsoft Visual Studio Solution File, Format Version 12.00
# Visual Studio Version 16
VisualStudioVersion = 16.0.30413.136
MinimumVisualStudioVersion = 10.0.40219.1
Project("{FAE04EC0-301F-11D3-BF4B-00C04F79EFBC}") = "eBarangayMo", "eBarangayMo\eBarangayMo.csproj", "{8EDE8D37-A9AD-40BE-A21F-727C67A2B961}"
EndProject
Global
	GlobalSection(SolutionConfigurationPlatforms) = preSolution
		Debug|Any CPU = Debug|Any CPU
		Release|Any CPU = Release|Any CPU
	EndGlobalSection
	GlobalSection(ProjectConfigurationPlatforms) = postSolution
		{8EDE8D37-A9AD-40BE-A21F-727C67A2B961}.Debug|Any CPU.ActiveCfg = Debug|Any CPU
		{8EDE8D37-A9AD-40BE-A21F-727C67A2B961}.Debug|Any CPU.Build.0 = Debug|Any CPU
		{8EDE8D37-A9AD-40BE-A21F-727C67A2B961}.Release|Any CPU.ActiveCfg = Release|Any CPU
		{8EDE8D37-A9AD-40BE-A21F-727C67A2B961}.Release|Any CPU.Build.0 = Release|Any CPU
	EndGlobalSection
	GlobalSection(SolutionProperties) = preSolution
		HideSolutionNode = FALSE
	EndGlobalSection
	GlobalSection(ExtensibilityGlobals) = postSolution
		SolutionGuid = {9AD966F1-D899-4B7B-ACA9-D726D2437E0D}
	EndGlobalSection
EndGlobal
